// !$*UTF8*$!
{
	archiveVersion = 1;
	classes = {
	};
	objectVersion = 55;
	objects = {

/* Begin PBXBuildFile section */
		037147EB27B250230038C28F /* ParticlesEmitter.swift in Sources */ = {isa = PBXBuildFile; fileRef = 037147EA27B250230038C28F /* ParticlesEmitter.swift */; };
		037147EC27B250230038C28F /* ParticlesEmitter.swift in Sources */ = {isa = PBXBuildFile; fileRef = 037147EA27B250230038C28F /* ParticlesEmitter.swift */; };
		037147EE27B25E300038C28F /* WinnerParty.swift in Sources */ = {isa = PBXBuildFile; fileRef = 037147ED27B25E300038C28F /* WinnerParty.swift */; };
		037147EF27B25E300038C28F /* WinnerParty.swift in Sources */ = {isa = PBXBuildFile; fileRef = 037147ED27B25E300038C28F /* WinnerParty.swift */; };
		037147F127B25E480038C28F /* PlayerImage.swift in Sources */ = {isa = PBXBuildFile; fileRef = 037147F027B25E480038C28F /* PlayerImage.swift */; };
		037147F227B25E480038C28F /* PlayerImage.swift in Sources */ = {isa = PBXBuildFile; fileRef = 037147F027B25E480038C28F /* PlayerImage.swift */; };
		037147F427B25E5A0038C28F /* TileView.swift in Sources */ = {isa = PBXBuildFile; fileRef = 037147F327B25E5A0038C28F /* TileView.swift */; };
		037147F527B25E5A0038C28F /* TileView.swift in Sources */ = {isa = PBXBuildFile; fileRef = 037147F327B25E5A0038C28F /* TileView.swift */; };
		037147F727B25EA30038C28F /* GameView.swift in Sources */ = {isa = PBXBuildFile; fileRef = 037147F627B25EA30038C28F /* GameView.swift */; };
		037147F827B25EA30038C28F /* GameView.swift in Sources */ = {isa = PBXBuildFile; fileRef = 037147F627B25EA30038C28F /* GameView.swift */; };
		037147FA27B25ECA0038C28F /* OptionsView.swift in Sources */ = {isa = PBXBuildFile; fileRef = 037147F927B25ECA0038C28F /* OptionsView.swift */; };
		037147FB27B25ECA0038C28F /* OptionsView.swift in Sources */ = {isa = PBXBuildFile; fileRef = 037147F927B25ECA0038C28F /* OptionsView.swift */; };
		037147FD27B25EE70038C28F /* PrologueView.swift in Sources */ = {isa = PBXBuildFile; fileRef = 037147FC27B25EE70038C28F /* PrologueView.swift */; };
		037147FE27B25EE70038C28F /* PrologueView.swift in Sources */ = {isa = PBXBuildFile; fileRef = 037147FC27B25EE70038C28F /* PrologueView.swift */; };
		0371480027B25F380038C28F /* Row.swift in Sources */ = {isa = PBXBuildFile; fileRef = 037147FF27B25F380038C28F /* Row.swift */; };
		0371480127B25F380038C28F /* Row.swift in Sources */ = {isa = PBXBuildFile; fileRef = 037147FF27B25F380038C28F /* Row.swift */; };
		0371480327B25F4C0038C28F /* Board.swift in Sources */ = {isa = PBXBuildFile; fileRef = 0371480227B25F4C0038C28F /* Board.swift */; };
		0371480427B25F4C0038C28F /* Board.swift in Sources */ = {isa = PBXBuildFile; fileRef = 0371480227B25F4C0038C28F /* Board.swift */; };
		0371480627B25F850038C28F /* Tile.swift in Sources */ = {isa = PBXBuildFile; fileRef = 0371480527B25F850038C28F /* Tile.swift */; };
		0371480727B25F850038C28F /* Tile.swift in Sources */ = {isa = PBXBuildFile; fileRef = 0371480527B25F850038C28F /* Tile.swift */; };
		0371480927B25F900038C28F /* Position.swift in Sources */ = {isa = PBXBuildFile; fileRef = 0371480827B25F900038C28F /* Position.swift */; };
		0371480A27B25F900038C28F /* Position.swift in Sources */ = {isa = PBXBuildFile; fileRef = 0371480827B25F900038C28F /* Position.swift */; };
		0371480C27B25F9F0038C28F /* Player.swift in Sources */ = {isa = PBXBuildFile; fileRef = 0371480B27B25F9F0038C28F /* Player.swift */; };
		0371480D27B25F9F0038C28F /* Player.swift in Sources */ = {isa = PBXBuildFile; fileRef = 0371480B27B25F9F0038C28F /* Player.swift */; };
		0371480F27B25FB20038C28F /* GamePlayer.swift in Sources */ = {isa = PBXBuildFile; fileRef = 0371480E27B25FB20038C28F /* GamePlayer.swift */; };
		0371481027B25FB20038C28F /* GamePlayer.swift in Sources */ = {isa = PBXBuildFile; fileRef = 0371480E27B25FB20038C28F /* GamePlayer.swift */; };
		0371481227B25FBF0038C28F /* Move.swift in Sources */ = {isa = PBXBuildFile; fileRef = 0371481127B25FBF0038C28F /* Move.swift */; };
		0371481327B25FBF0038C28F /* Move.swift in Sources */ = {isa = PBXBuildFile; fileRef = 0371481127B25FBF0038C28F /* Move.swift */; };
		0371481527B25FD00038C28F /* GameOutcome.swift in Sources */ = {isa = PBXBuildFile; fileRef = 0371481427B25FD00038C28F /* GameOutcome.swift */; };
		0371481627B25FD00038C28F /* GameOutcome.swift in Sources */ = {isa = PBXBuildFile; fileRef = 0371481427B25FD00038C28F /* GameOutcome.swift */; };
		0371481827B25FDD0038C28F /* GameState.swift in Sources */ = {isa = PBXBuildFile; fileRef = 0371481727B25FDD0038C28F /* GameState.swift */; };
		0371481927B25FDD0038C28F /* GameState.swift in Sources */ = {isa = PBXBuildFile; fileRef = 0371481727B25FDD0038C28F /* GameState.swift */; };
		03A12CC027AF47F30090C2E8 /* TicTacTofuApp.swift in Sources */ = {isa = PBXBuildFile; fileRef = 03A12CB027AF47F20090C2E8 /* TicTacTofuApp.swift */; };
		03A12CC127AF47F30090C2E8 /* TicTacTofuApp.swift in Sources */ = {isa = PBXBuildFile; fileRef = 03A12CB027AF47F20090C2E8 /* TicTacTofuApp.swift */; };
		03A12CC227AF47F30090C2E8 /* ContentView.swift in Sources */ = {isa = PBXBuildFile; fileRef = 03A12CB127AF47F20090C2E8 /* ContentView.swift */; };
		03A12CC327AF47F30090C2E8 /* ContentView.swift in Sources */ = {isa = PBXBuildFile; fileRef = 03A12CB127AF47F20090C2E8 /* ContentView.swift */; };
		03A12CC427AF47F30090C2E8 /* Assets.xcassets in Resources */ = {isa = PBXBuildFile; fileRef = 03A12CB227AF47F30090C2E8 /* Assets.xcassets */; };
		03A12CC527AF47F30090C2E8 /* Assets.xcassets in Resources */ = {isa = PBXBuildFile; fileRef = 03A12CB227AF47F30090C2E8 /* Assets.xcassets */; };
/* End PBXBuildFile section */

/* Begin PBXFileReference section */
		037147EA27B250230038C28F /* ParticlesEmitter.swift */ = {isa = PBXFileReference; lastKnownFileType = sourcecode.swift; path = ParticlesEmitter.swift; sourceTree = "<group>"; };
		037147ED27B25E300038C28F /* WinnerParty.swift */ = {isa = PBXFileReference; lastKnownFileType = sourcecode.swift; path = WinnerParty.swift; sourceTree = "<group>"; };
		037147F027B25E480038C28F /* PlayerImage.swift */ = {isa = PBXFileReference; lastKnownFileType = sourcecode.swift; path = PlayerImage.swift; sourceTree = "<group>"; };
		037147F327B25E5A0038C28F /* TileView.swift */ = {isa = PBXFileReference; lastKnownFileType = sourcecode.swift; path = TileView.swift; sourceTree = "<group>"; };
		037147F627B25EA30038C28F /* GameView.swift */ = {isa = PBXFileReference; lastKnownFileType = sourcecode.swift; path = GameView.swift; sourceTree = "<group>"; };
		037147F927B25ECA0038C28F /* OptionsView.swift */ = {isa = PBXFileReference; lastKnownFileType = sourcecode.swift; path = OptionsView.swift; sourceTree = "<group>"; };
		037147FC27B25EE70038C28F /* PrologueView.swift */ = {isa = PBXFileReference; lastKnownFileType = sourcecode.swift; path = PrologueView.swift; sourceTree = "<group>"; };
		037147FF27B25F380038C28F /* Row.swift */ = {isa = PBXFileReference; lastKnownFileType = sourcecode.swift; path = Row.swift; sourceTree = "<group>"; };
		0371480227B25F4C0038C28F /* Board.swift */ = {isa = PBXFileReference; lastKnownFileType = sourcecode.swift; path = Board.swift; sourceTree = "<group>"; };
		0371480527B25F850038C28F /* Tile.swift */ = {isa = PBXFileReference; lastKnownFileType = sourcecode.swift; path = Tile.swift; sourceTree = "<group>"; };
		0371480827B25F900038C28F /* Position.swift */ = {isa = PBXFileReference; lastKnownFileType = sourcecode.swift; path = Position.swift; sourceTree = "<group>"; };
		0371480B27B25F9F0038C28F /* Player.swift */ = {isa = PBXFileReference; lastKnownFileType = sourcecode.swift; path = Player.swift; sourceTree = "<group>"; };
		0371480E27B25FB20038C28F /* GamePlayer.swift */ = {isa = PBXFileReference; lastKnownFileType = sourcecode.swift; path = GamePlayer.swift; sourceTree = "<group>"; };
		0371481127B25FBF0038C28F /* Move.swift */ = {isa = PBXFileReference; lastKnownFileType = sourcecode.swift; path = Move.swift; sourceTree = "<group>"; };
		0371481427B25FD00038C28F /* GameOutcome.swift */ = {isa = PBXFileReference; lastKnownFileType = sourcecode.swift; path = GameOutcome.swift; sourceTree = "<group>"; };
		0371481727B25FDD0038C28F /* GameState.swift */ = {isa = PBXFileReference; lastKnownFileType = sourcecode.swift; path = GameState.swift; sourceTree = "<group>"; };
		03A12CB027AF47F20090C2E8 /* TicTacTofuApp.swift */ = {isa = PBXFileReference; lastKnownFileType = sourcecode.swift; path = TicTacTofuApp.swift; sourceTree = "<group>"; };
		03A12CB127AF47F20090C2E8 /* ContentView.swift */ = {isa = PBXFileReference; lastKnownFileType = sourcecode.swift; path = ContentView.swift; sourceTree = "<group>"; };
		03A12CB227AF47F30090C2E8 /* Assets.xcassets */ = {isa = PBXFileReference; lastKnownFileType = folder.assetcatalog; path = Assets.xcassets; sourceTree = "<group>"; };
		03A12CB727AF47F30090C2E8 /* TicTacTofu.app */ = {isa = PBXFileReference; explicitFileType = wrapper.application; includeInIndex = 0; path = TicTacTofu.app; sourceTree = BUILT_PRODUCTS_DIR; };
		03A12CBD27AF47F30090C2E8 /* TicTacTofu.app */ = {isa = PBXFileReference; explicitFileType = wrapper.application; includeInIndex = 0; path = TicTacTofu.app; sourceTree = BUILT_PRODUCTS_DIR; };
		03A12CBF27AF47F30090C2E8 /* macOS.entitlements */ = {isa = PBXFileReference; lastKnownFileType = text.plist.entitlements; path = macOS.entitlements; sourceTree = "<group>"; };
/* End PBXFileReference section */

/* Begin PBXFrameworksBuildPhase section */
		03A12CB427AF47F30090C2E8 /* Frameworks */ = {
			isa = PBXFrameworksBuildPhase;
			buildActionMask = 2147483647;
			files = (
			);
			runOnlyForDeploymentPostprocessing = 0;
		};
		03A12CBA27AF47F30090C2E8 /* Frameworks */ = {
			isa = PBXFrameworksBuildPhase;
			buildActionMask = 2147483647;
			files = (
			);
			runOnlyForDeploymentPostprocessing = 0;
		};
/* End PBXFrameworksBuildPhase section */

/* Begin PBXGroup section */
		03A12CAA27AF47F20090C2E8 = {
			isa = PBXGroup;
			children = (
				03A12CAF27AF47F20090C2E8 /* Shared */,
				03A12CBE27AF47F30090C2E8 /* macOS */,
				03A12CB827AF47F30090C2E8 /* Products */,
			);
			sourceTree = "<group>";
		};
		03A12CAF27AF47F20090C2E8 /* Shared */ = {
			isa = PBXGroup;
			children = (
				03A12CB127AF47F20090C2E8 /* ContentView.swift */,
				037147FC27B25EE70038C28F /* PrologueView.swift */,
				037147F927B25ECA0038C28F /* OptionsView.swift */,
				037147F627B25EA30038C28F /* GameView.swift */,
				0371480227B25F4C0038C28F /* Board.swift */,
				0371480827B25F900038C28F /* Position.swift */,
				0371480527B25F850038C28F /* Tile.swift */,
				037147FF27B25F380038C28F /* Row.swift */,
				03A12CB027AF47F20090C2E8 /* TicTacTofuApp.swift */,
				0371481727B25FDD0038C28F /* GameState.swift */,
				0371481427B25FD00038C28F /* GameOutcome.swift */,
				0371481127B25FBF0038C28F /* Move.swift */,
				0371480E27B25FB20038C28F /* GamePlayer.swift */,
				0371480B27B25F9F0038C28F /* Player.swift */,
				037147F327B25E5A0038C28F /* TileView.swift */,
				037147F027B25E480038C28F /* PlayerImage.swift */,
				037147ED27B25E300038C28F /* WinnerParty.swift */,
				037147EA27B250230038C28F /* ParticlesEmitter.swift */,
				03A12CB227AF47F30090C2E8 /* Assets.xcassets */,
			);
			path = Shared;
			sourceTree = "<group>";
		};
		03A12CB827AF47F30090C2E8 /* Products */ = {
			isa = PBXGroup;
			children = (
				03A12CB727AF47F30090C2E8 /* TicTacTofu.app */,
				03A12CBD27AF47F30090C2E8 /* TicTacTofu.app */,
			);
			name = Products;
			sourceTree = "<group>";
		};
		03A12CBE27AF47F30090C2E8 /* macOS */ = {
			isa = PBXGroup;
			children = (
				03A12CBF27AF47F30090C2E8 /* macOS.entitlements */,
			);
			path = macOS;
			sourceTree = "<group>";
		};
/* End PBXGroup section */

/* Begin PBXNativeTarget section */
		03A12CB627AF47F30090C2E8 /* TicTacTofu (iOS) */ = {
			isa = PBXNativeTarget;
			buildConfigurationList = 03A12CC827AF47F30090C2E8 /* Build configuration list for PBXNativeTarget "TicTacTofu (iOS)" */;
			buildPhases = (
				03A12CB327AF47F30090C2E8 /* Sources */,
				03A12CB427AF47F30090C2E8 /* Frameworks */,
				03A12CB527AF47F30090C2E8 /* Resources */,
			);
			buildRules = (
			);
			dependencies = (
			);
			name = "TicTacTofu (iOS)";
			productName = "TicTacTofu (iOS)";
			productReference = 03A12CB727AF47F30090C2E8 /* TicTacTofu.app */;
			productType = "com.apple.product-type.application";
		};
		03A12CBC27AF47F30090C2E8 /* TicTacTofu (macOS) */ = {
			isa = PBXNativeTarget;
			buildConfigurationList = 03A12CCB27AF47F30090C2E8 /* Build configuration list for PBXNativeTarget "TicTacTofu (macOS)" */;
			buildPhases = (
				03A12CB927AF47F30090C2E8 /* Sources */,
				03A12CBA27AF47F30090C2E8 /* Frameworks */,
				03A12CBB27AF47F30090C2E8 /* Resources */,
			);
			buildRules = (
			);
			dependencies = (
			);
			name = "TicTacTofu (macOS)";
			productName = "TicTacTofu (macOS)";
			productReference = 03A12CBD27AF47F30090C2E8 /* TicTacTofu.app */;
			productType = "com.apple.product-type.application";
		};
/* End PBXNativeTarget section */

/* Begin PBXProject section */
		03A12CAB27AF47F20090C2E8 /* Project object */ = {
			isa = PBXProject;
			attributes = {
				BuildIndependentTargetsInParallel = 1;
				LastSwiftUpdateCheck = 1320;
				LastUpgradeCheck = 1320;
				TargetAttributes = {
					03A12CB627AF47F30090C2E8 = {
						CreatedOnToolsVersion = 13.2.1;
					};
					03A12CBC27AF47F30090C2E8 = {
						CreatedOnToolsVersion = 13.2.1;
					};
				};
			};
			buildConfigurationList = 03A12CAE27AF47F20090C2E8 /* Build configuration list for PBXProject "TicTacTofu" */;
			compatibilityVersion = "Xcode 13.0";
			developmentRegion = en;
			hasScannedForEncodings = 0;
			knownRegions = (
				en,
				Base,
			);
			mainGroup = 03A12CAA27AF47F20090C2E8;
			productRefGroup = 03A12CB827AF47F30090C2E8 /* Products */;
			projectDirPath = "";
			projectRoot = "";
			targets = (
				03A12CB627AF47F30090C2E8 /* TicTacTofu (iOS) */,
				03A12CBC27AF47F30090C2E8 /* TicTacTofu (macOS) */,
			);
		};
/* End PBXProject section */

/* Begin PBXResourcesBuildPhase section */
		03A12CB527AF47F30090C2E8 /* Resources */ = {
			isa = PBXResourcesBuildPhase;
			buildActionMask = 2147483647;
			files = (
				03A12CC427AF47F30090C2E8 /* Assets.xcassets in Resources */,
			);
			runOnlyForDeploymentPostprocessing = 0;
		};
		03A12CBB27AF47F30090C2E8 /* Resources */ = {
			isa = PBXResourcesBuildPhase;
			buildActionMask = 2147483647;
			files = (
				03A12CC527AF47F30090C2E8 /* Assets.xcassets in Resources */,
			);
			runOnlyForDeploymentPostprocessing = 0;
		};
/* End PBXResourcesBuildPhase section */

/* Begin PBXSourcesBuildPhase section */
		03A12CB327AF47F30090C2E8 /* Sources */ = {
			isa = PBXSourcesBuildPhase;
			buildActionMask = 2147483647;
			files = (
				03A12CC227AF47F30090C2E8 /* ContentView.swift in Sources */,
				037147FD27B25EE70038C28F /* PrologueView.swift in Sources */,
				0371480F27B25FB20038C28F /* GamePlayer.swift in Sources */,
				037147EE27B25E300038C28F /* WinnerParty.swift in Sources */,
				0371480627B25F850038C28F /* Tile.swift in Sources */,
				03A12CC027AF47F30090C2E8 /* TicTacTofuApp.swift in Sources */,
				0371480327B25F4C0038C28F /* Board.swift in Sources */,
				037147FA27B25ECA0038C28F /* OptionsView.swift in Sources */,
				0371480927B25F900038C28F /* Position.swift in Sources */,
				0371481527B25FD00038C28F /* GameOutcome.swift in Sources */,
				037147EB27B250230038C28F /* ParticlesEmitter.swift in Sources */,
				0371480C27B25F9F0038C28F /* Player.swift in Sources */,
				037147F427B25E5A0038C28F /* TileView.swift in Sources */,
				0371481227B25FBF0038C28F /* Move.swift in Sources */,
				037147F127B25E480038C28F /* PlayerImage.swift in Sources */,
				0371481827B25FDD0038C28F /* GameState.swift in Sources */,
				0371480027B25F380038C28F /* Row.swift in Sources */,
				037147F727B25EA30038C28F /* GameView.swift in Sources */,
			);
			runOnlyForDeploymentPostprocessing = 0;
		};
		03A12CB927AF47F30090C2E8 /* Sources */ = {
			isa = PBXSourcesBuildPhase;
			buildActionMask = 2147483647;
			files = (
				03A12CC327AF47F30090C2E8 /* ContentView.swift in Sources */,
				037147FE27B25EE70038C28F /* PrologueView.swift in Sources */,
				0371481027B25FB20038C28F /* GamePlayer.swift in Sources */,
				037147EF27B25E300038C28F /* WinnerParty.swift in Sources */,
				0371480727B25F850038C28F /* Tile.swift in Sources */,
				03A12CC127AF47F30090C2E8 /* TicTacTofuApp.swift in Sources */,
				0371480427B25F4C0038C28F /* Board.swift in Sources */,
				037147FB27B25ECA0038C28F /* OptionsView.swift in Sources */,
				0371480A27B25F900038C28F /* Position.swift in Sources */,
				0371481627B25FD00038C28F /* GameOutcome.swift in Sources */,
				037147EC27B250230038C28F /* ParticlesEmitter.swift in Sources */,
				0371480D27B25F9F0038C28F /* Player.swift in Sources */,
				037147F527B25E5A0038C28F /* TileView.swift in Sources */,
				0371481327B25FBF0038C28F /* Move.swift in Sources */,
				037147F227B25E480038C28F /* PlayerImage.swift in Sources */,
				0371481927B25FDD0038C28F /* GameState.swift in Sources */,
				0371480127B25F380038C28F /* Row.swift in Sources */,
				037147F827B25EA30038C28F /* GameView.swift in Sources */,
			);
			runOnlyForDeploymentPostprocessing = 0;
		};
/* End PBXSourcesBuildPhase section */

/* Begin XCBuildConfiguration section */
		03A12CC627AF47F30090C2E8 /* Debug */ = {
			isa = XCBuildConfiguration;
			buildSettings = {
				ALWAYS_SEARCH_USER_PATHS = NO;
				CLANG_ANALYZER_NONNULL = YES;
				CLANG_ANALYZER_NUMBER_OBJECT_CONVERSION = YES_AGGRESSIVE;
				CLANG_CXX_LANGUAGE_STANDARD = "gnu++17";
				CLANG_CXX_LIBRARY = "libc++";
				CLANG_ENABLE_MODULES = YES;
				CLANG_ENABLE_OBJC_ARC = YES;
				CLANG_ENABLE_OBJC_WEAK = YES;
				CLANG_WARN_BLOCK_CAPTURE_AUTORELEASING = YES;
				CLANG_WARN_BOOL_CONVERSION = YES;
				CLANG_WARN_COMMA = YES;
				CLANG_WARN_CONSTANT_CONVERSION = YES;
				CLANG_WARN_DEPRECATED_OBJC_IMPLEMENTATIONS = YES;
				CLANG_WARN_DIRECT_OBJC_ISA_USAGE = YES_ERROR;
				CLANG_WARN_DOCUMENTATION_COMMENTS = YES;
				CLANG_WARN_EMPTY_BODY = YES;
				CLANG_WARN_ENUM_CONVERSION = YES;
				CLANG_WARN_INFINITE_RECURSION = YES;
				CLANG_WARN_INT_CONVERSION = YES;
				CLANG_WARN_NON_LITERAL_NULL_CONVERSION = YES;
				CLANG_WARN_OBJC_IMPLICIT_RETAIN_SELF = YES;
				CLANG_WARN_OBJC_LITERAL_CONVERSION = YES;
				CLANG_WARN_OBJC_ROOT_CLASS = YES_ERROR;
				CLANG_WARN_QUOTED_INCLUDE_IN_FRAMEWORK_HEADER = YES;
				CLANG_WARN_RANGE_LOOP_ANALYSIS = YES;
				CLANG_WARN_STRICT_PROTOTYPES = YES;
				CLANG_WARN_SUSPICIOUS_MOVE = YES;
				CLANG_WARN_UNGUARDED_AVAILABILITY = YES_AGGRESSIVE;
				CLANG_WARN_UNREACHABLE_CODE = YES;
				CLANG_WARN__DUPLICATE_METHOD_MATCH = YES;
				COPY_PHASE_STRIP = NO;
				DEBUG_INFORMATION_FORMAT = dwarf;
				ENABLE_STRICT_OBJC_MSGSEND = YES;
				ENABLE_TESTABILITY = YES;
				GCC_C_LANGUAGE_STANDARD = gnu11;
				GCC_DYNAMIC_NO_PIC = NO;
				GCC_NO_COMMON_BLOCKS = YES;
				GCC_OPTIMIZATION_LEVEL = 0;
				GCC_PREPROCESSOR_DEFINITIONS = (
					"DEBUG=1",
					"$(inherited)",
				);
				GCC_WARN_64_TO_32_BIT_CONVERSION = YES;
				GCC_WARN_ABOUT_RETURN_TYPE = YES_ERROR;
				GCC_WARN_UNDECLARED_SELECTOR = YES;
				GCC_WARN_UNINITIALIZED_AUTOS = YES_AGGRESSIVE;
				GCC_WARN_UNUSED_FUNCTION = YES;
				GCC_WARN_UNUSED_VARIABLE = YES;
				MTL_ENABLE_DEBUG_INFO = INCLUDE_SOURCE;
				MTL_FAST_MATH = YES;
				ONLY_ACTIVE_ARCH = YES;
				SWIFT_ACTIVE_COMPILATION_CONDITIONS = DEBUG;
				SWIFT_OPTIMIZATION_LEVEL = "-Onone";
			};
			name = Debug;
		};
		03A12CC727AF47F30090C2E8 /* Release */ = {
			isa = XCBuildConfiguration;
			buildSettings = {
				ALWAYS_SEARCH_USER_PATHS = NO;
				CLANG_ANALYZER_NONNULL = YES;
				CLANG_ANALYZER_NUMBER_OBJECT_CONVERSION = YES_AGGRESSIVE;
				CLANG_CXX_LANGUAGE_STANDARD = "gnu++17";
				CLANG_CXX_LIBRARY = "libc++";
				CLANG_ENABLE_MODULES = YES;
				CLANG_ENABLE_OBJC_ARC = YES;
				CLANG_ENABLE_OBJC_WEAK = YES;
				CLANG_WARN_BLOCK_CAPTURE_AUTORELEASING = YES;
				CLANG_WARN_BOOL_CONVERSION = YES;
				CLANG_WARN_COMMA = YES;
				CLANG_WARN_CONSTANT_CONVERSION = YES;
				CLANG_WARN_DEPRECATED_OBJC_IMPLEMENTATIONS = YES;
				CLANG_WARN_DIRECT_OBJC_ISA_USAGE = YES_ERROR;
				CLANG_WARN_DOCUMENTATION_COMMENTS = YES;
				CLANG_WARN_EMPTY_BODY = YES;
				CLANG_WARN_ENUM_CONVERSION = YES;
				CLANG_WARN_INFINITE_RECURSION = YES;
				CLANG_WARN_INT_CONVERSION = YES;
				CLANG_WARN_NON_LITERAL_NULL_CONVERSION = YES;
				CLANG_WARN_OBJC_IMPLICIT_RETAIN_SELF = YES;
				CLANG_WARN_OBJC_LITERAL_CONVERSION = YES;
				CLANG_WARN_OBJC_ROOT_CLASS = YES_ERROR;
				CLANG_WARN_QUOTED_INCLUDE_IN_FRAMEWORK_HEADER = YES;
				CLANG_WARN_RANGE_LOOP_ANALYSIS = YES;
				CLANG_WARN_STRICT_PROTOTYPES = YES;
				CLANG_WARN_SUSPICIOUS_MOVE = YES;
				CLANG_WARN_UNGUARDED_AVAILABILITY = YES_AGGRESSIVE;
				CLANG_WARN_UNREACHABLE_CODE = YES;
				CLANG_WARN__DUPLICATE_METHOD_MATCH = YES;
				COPY_PHASE_STRIP = NO;
				DEBUG_INFORMATION_FORMAT = "dwarf-with-dsym";
				ENABLE_NS_ASSERTIONS = NO;
				ENABLE_STRICT_OBJC_MSGSEND = YES;
				GCC_C_LANGUAGE_STANDARD = gnu11;
				GCC_NO_COMMON_BLOCKS = YES;
				GCC_WARN_64_TO_32_BIT_CONVERSION = YES;
				GCC_WARN_ABOUT_RETURN_TYPE = YES_ERROR;
				GCC_WARN_UNDECLARED_SELECTOR = YES;
				GCC_WARN_UNINITIALIZED_AUTOS = YES_AGGRESSIVE;
				GCC_WARN_UNUSED_FUNCTION = YES;
				GCC_WARN_UNUSED_VARIABLE = YES;
				MTL_ENABLE_DEBUG_INFO = NO;
				MTL_FAST_MATH = YES;
				SWIFT_COMPILATION_MODE = wholemodule;
				SWIFT_OPTIMIZATION_LEVEL = "-O";
			};
			name = Release;
		};
		03A12CC927AF47F30090C2E8 /* Debug */ = {
			isa = XCBuildConfiguration;
			buildSettings = {
				ASSETCATALOG_COMPILER_APPICON_NAME = AppIcon;
				ASSETCATALOG_COMPILER_GLOBAL_ACCENT_COLOR_NAME = AccentColor;
				CODE_SIGN_STYLE = Automatic;
				CURRENT_PROJECT_VERSION = 1;
				DEVELOPMENT_TEAM = LU6454UVH5;
				ENABLE_PREVIEWS = YES;
				GENERATE_INFOPLIST_FILE = YES;
				INFOPLIST_KEY_UIApplicationSceneManifest_Generation = YES;
				INFOPLIST_KEY_UIApplicationSupportsIndirectInputEvents = YES;
				INFOPLIST_KEY_UILaunchScreen_Generation = YES;
				INFOPLIST_KEY_UISupportedInterfaceOrientations_iPad = "UIInterfaceOrientationPortrait UIInterfaceOrientationPortraitUpsideDown UIInterfaceOrientationLandscapeLeft UIInterfaceOrientationLandscapeRight";
				INFOPLIST_KEY_UISupportedInterfaceOrientations_iPhone = "UIInterfaceOrientationPortrait UIInterfaceOrientationLandscapeLeft UIInterfaceOrientationLandscapeRight";
				IPHONEOS_DEPLOYMENT_TARGET = 15.2;
				LD_RUNPATH_SEARCH_PATHS = (
					"$(inherited)",
					"@executable_path/Frameworks",
				);
				MARKETING_VERSION = 1.0;
				PRODUCT_BUNDLE_IDENTIFIER = com.briannadoubt.TicTacTofu;
				PRODUCT_NAME = TicTacTofu;
				SDKROOT = iphoneos;
				SWIFT_EMIT_LOC_STRINGS = YES;
				SWIFT_VERSION = 5.0;
				TARGETED_DEVICE_FAMILY = "1,2";
			};
			name = Debug;
		};
		03A12CCA27AF47F30090C2E8 /* Release */ = {
			isa = XCBuildConfiguration;
			buildSettings = {
				ASSETCATALOG_COMPILER_APPICON_NAME = AppIcon;
				ASSETCATALOG_COMPILER_GLOBAL_ACCENT_COLOR_NAME = AccentColor;
				CODE_SIGN_STYLE = Automatic;
				CURRENT_PROJECT_VERSION = 1;
				DEVELOPMENT_TEAM = LU6454UVH5;
				ENABLE_PREVIEWS = YES;
				GENERATE_INFOPLIST_FILE = YES;
				INFOPLIST_KEY_UIApplicationSceneManifest_Generation = YES;
				INFOPLIST_KEY_UIApplicationSupportsIndirectInputEvents = YES;
				INFOPLIST_KEY_UILaunchScreen_Generation = YES;
				INFOPLIST_KEY_UISupportedInterfaceOrientations_iPad = "UIInterfaceOrientationPortrait UIInterfaceOrientationPortraitUpsideDown UIInterfaceOrientationLandscapeLeft UIInterfaceOrientationLandscapeRight";
				INFOPLIST_KEY_UISupportedInterfaceOrientations_iPhone = "UIInterfaceOrientationPortrait UIInterfaceOrientationLandscapeLeft UIInterfaceOrientationLandscapeRight";
				IPHONEOS_DEPLOYMENT_TARGET = 15.2;
				LD_RUNPATH_SEARCH_PATHS = (
					"$(inherited)",
					"@executable_path/Frameworks",
				);
				MARKETING_VERSION = 1.0;
				PRODUCT_BUNDLE_IDENTIFIER = com.briannadoubt.TicTacTofu;
				PRODUCT_NAME = TicTacTofu;
				SDKROOT = iphoneos;
				SWIFT_EMIT_LOC_STRINGS = YES;
				SWIFT_VERSION = 5.0;
				TARGETED_DEVICE_FAMILY = "1,2";
				VALIDATE_PRODUCT = YES;
			};
			name = Release;
		};
		03A12CCC27AF47F30090C2E8 /* Debug */ = {
			isa = XCBuildConfiguration;
			buildSettings = {
				ASSETCATALOG_COMPILER_APPICON_NAME = AppIcon;
				ASSETCATALOG_COMPILER_GLOBAL_ACCENT_COLOR_NAME = AccentColor;
				CODE_SIGN_ENTITLEMENTS = macOS/macOS.entitlements;
				CODE_SIGN_STYLE = Automatic;
				COMBINE_HIDPI_IMAGES = YES;
				CURRENT_PROJECT_VERSION = 1;
				DEVELOPMENT_TEAM = LU6454UVH5;
				ENABLE_HARDENED_RUNTIME = YES;
				ENABLE_PREVIEWS = YES;
				GENERATE_INFOPLIST_FILE = YES;
				INFOPLIST_KEY_NSHumanReadableCopyright = "";
				LD_RUNPATH_SEARCH_PATHS = (
					"$(inherited)",
					"@executable_path/../Frameworks",
				);
				MACOSX_DEPLOYMENT_TARGET = 12.1;
				MARKETING_VERSION = 1.0;
				PRODUCT_BUNDLE_IDENTIFIER = com.briannadoubt.TicTacTofu;
				PRODUCT_NAME = TicTacTofu;
				SDKROOT = macosx;
				SWIFT_EMIT_LOC_STRINGS = YES;
				SWIFT_VERSION = 5.0;
			};
			name = Debug;
		};
		03A12CCD27AF47F30090C2E8 /* Release */ = {
			isa = XCBuildConfiguration;
			buildSettings = {
				ASSETCATALOG_COMPILER_APPICON_NAME = AppIcon;
				ASSETCATALOG_COMPILER_GLOBAL_ACCENT_COLOR_NAME = AccentColor;
				CODE_SIGN_ENTITLEMENTS = macOS/macOS.entitlements;
				CODE_SIGN_STYLE = Automatic;
				COMBINE_HIDPI_IMAGES = YES;
				CURRENT_PROJECT_VERSION = 1;
				DEVELOPMENT_TEAM = LU6454UVH5;
				ENABLE_HARDENED_RUNTIME = YES;
				ENABLE_PREVIEWS = YES;
				GENERATE_INFOPLIST_FILE = YES;
				INFOPLIST_KEY_NSHumanReadableCopyright = "";
				LD_RUNPATH_SEARCH_PATHS = (
					"$(inherited)",
					"@executable_path/../Frameworks",
				);
				MACOSX_DEPLOYMENT_TARGET = 12.1;
				MARKETING_VERSION = 1.0;
				PRODUCT_BUNDLE_IDENTIFIER = com.briannadoubt.TicTacTofu;
				PRODUCT_NAME = TicTacTofu;
				SDKROOT = macosx;
				SWIFT_EMIT_LOC_STRINGS = YES;
				SWIFT_VERSION = 5.0;
			};
			name = Release;
		};
/* End XCBuildConfiguration section */

/* Begin XCConfigurationList section */
		03A12CAE27AF47F20090C2E8 /* Build configuration list for PBXProject "TicTacTofu" */ = {
			isa = XCConfigurationList;
			buildConfigurations = (
				03A12CC627AF47F30090C2E8 /* Debug */,
				03A12CC727AF47F30090C2E8 /* Release */,
			);
			defaultConfigurationIsVisible = 0;
			defaultConfigurationName = Release;
		};
		03A12CC827AF47F30090C2E8 /* Build configuration list for PBXNativeTarget "TicTacTofu (iOS)" */ = {
			isa = XCConfigurationList;
			buildConfigurations = (
				03A12CC927AF47F30090C2E8 /* Debug */,
				03A12CCA27AF47F30090C2E8 /* Release */,
			);
			defaultConfigurationIsVisible = 0;
			defaultConfigurationName = Release;
		};
		03A12CCB27AF47F30090C2E8 /* Build configuration list for PBXNativeTarget "TicTacTofu (macOS)" */ = {
			isa = XCConfigurationList;
			buildConfigurations = (
				03A12CCC27AF47F30090C2E8 /* Debug */,
				03A12CCD27AF47F30090C2E8 /* Release */,
			);
			defaultConfigurationIsVisible = 0;
			defaultConfigurationName = Release;
		};
/* End XCConfigurationList section */
	};
	rootObject = 03A12CAB27AF47F20090C2E8 /* Project object */;
}
